
Microsoft Visual Studio Solution File, Format Version 12.00
# Visual Studio Version 16
VisualStudioVersion = 16.0.29609.76
MinimumVisualStudioVersion = 10.0.40219.1
Project("{FAE04EC0-301F-11D3-BF4B-00C04F79EFBC}") = "Space Impact", "Space Impact.csproj", "{5E638602-E4B7-4A22-AE3C-F1088AE79DC3}"
EndProject
Global
	GlobalSection(SolutionConfigurationPlatforms) = preSolution
		Debug|Any CPU = Debug|Any CPU
		Release|Any CPU = Release|Any CPU
	EndGlobalSection
	GlobalSection(ProjectConfigurationPlatforms) = postSolution
		{5E638602-E4B7-4A22-AE3C-F1088AE79DC3}.Debug|Any CPU.ActiveCfg = Debug|Any CPU
		{5E638602-E4B7-4A22-AE3C-F1088AE79DC3}.Debug|Any CPU.Build.0 = Debug|Any CPU
		{5E638602-E4B7-4A22-AE3C-F1088AE79DC3}.Release|Any CPU.ActiveCfg = Release|Any CPU
		{5E638602-E4B7-4A22-AE3C-F1088AE79DC3}.Release|Any CPU.Build.0 = Release|Any CPU
	EndGlobalSection
	GlobalSection(SolutionProperties) = preSolution
		HideSolutionNode = FALSE
	EndGlobalSection
	GlobalSection(ExtensibilityGlobals) = postSolution
		SolutionGuid = {25440CF0-5345-43FC-AF09-F97A16977D38}
	EndGlobalSection
EndGlobal
